{
    "_readme": [
        "This file locks the dependencies of your project to a known state",
        "Read more about it at https://getcomposer.org/doc/01-basic-usage.md#installing-dependencies",
        "This file is @generated automatically"
    ],
    "content-hash": "d1346f3938a7b5363269ae04331278f4",
    "packages": [
        {
            "name": "ninlaret/task-syncer",
            "version": "1.0.0",
            "source": {
                "type": "git",
                "url": "https://github.com/ninlaret/task-syncer.git",
                "reference": "20dacae0d79de350d87c98b0e4318ff2c4cce8b9"
            },
            "dist": {
                "type": "zip",
                "url": "https://api.github.com/repos/ninlaret/task-syncer/zipball/20dacae0d79de350d87c98b0e4318ff2c4cce8b9",
                "reference": "20dacae0d79de350d87c98b0e4318ff2c4cce8b9",
                "shasum": ""
            },
            "require": {
                "ext-curl": "*",
                "ext-pdo": "*",
                "php": ">=8.0"
            },
            "type": "library",
            "autoload": {
                "psr-4": {
                    "core\\": "src/core/"
                }
            },
            "notification-url": "https://packagist.org/downloads/",
            "description": "A tiny framework to sync your tasks between task systems",
            "support": {
                "issues": "https://github.com/ninlaret/task-syncer/issues",
                "source": "https://github.com/ninlaret/task-syncer/tree/v1.0.0"
            },
            "time": "2022-08-15T17:30:45+00:00"
        }
    ],
    "packages-dev": [],
    "aliases": [],
    "minimum-stability": "stable",
    "stability-flags": [],
    "prefer-stable": false,
    "prefer-lowest": false,
    "platform": {
        "php": ">=8.0"
    },
    "platform-dev": [],
    "plugin-api-version": "2.3.0"
}
